
Microsoft Visual Studio Solution File, Format Version 12.00
# Visual Studio Version 17
VisualStudioVersion = 17.10.34928.147
MinimumVisualStudioVersion = 10.0.40219.1
Project("{FAE04EC0-301F-11D3-BF4B-00C04F79EFBC}") = "Artyste", "Artyste\Artyste.csproj", "{8AABF089-0783-4BD6-87CC-380D922EFDC3}"
EndProject
Global
	GlobalSection(SolutionConfigurationPlatforms) = preSolution
		Debug|Any CPU = Debug|Any CPU
		Release|Any CPU = Release|Any CPU
	EndGlobalSection
	GlobalSection(ProjectConfigurationPlatforms) = postSolution
		{8AABF089-0783-4BD6-87CC-380D922EFDC3}.Debug|Any CPU.ActiveCfg = Debug|Any CPU
		{8AABF089-0783-4BD6-87CC-380D922EFDC3}.Debug|Any CPU.Build.0 = Debug|Any CPU
		{8AABF089-0783-4BD6-87CC-380D922EFDC3}.Release|Any CPU.ActiveCfg = Release|Any CPU
		{8AABF089-0783-4BD6-87CC-380D922EFDC3}.Release|Any CPU.Build.0 = Release|Any CPU
	EndGlobalSection
	GlobalSection(SolutionProperties) = preSolution
		HideSolutionNode = FALSE
	EndGlobalSection
	GlobalSection(ExtensibilityGlobals) = postSolution
		SolutionGuid = {3320D854-48AD-4EE5-B1A7-184F8FDB41FA}
	EndGlobalSection
EndGlobal
